# This file was autogenerated by Stack.
# You should not edit this file by hand.
# For more information, please see the documentation at:
#   https://docs.haskellstack.org/en/stable/lock_files

packages:
- completed:
    hackage: mr-env-0.1.0.4@sha256:56439c7df09a83b72b170f104723293643ad2635df03cdcd174a05d0d73e788d,1055
    pantry-tree:
      size: 376
      sha256: da91d4e0f5aff5336e3e73ecb1d44fe595dd47bc572335956ba30d937d14573d
  original:
    hackage: mr-env-0.1.0.4
snapshots:
- completed:
    size: 616897
    url: https://raw.githubusercontent.com/commercialhaskell/stackage-snapshots/master/lts/19/0.yaml
    sha256: bbf2be02f17940bac1f87cb462d4fb0c3355de6dcfc53d84f4f9ad3ee2164f65
  original:
    url: https://raw.githubusercontent.com/commercialhaskell/stackage-snapshots/master/lts/19/0.yaml
